
Microsoft Visual Studio Solution File, Format Version 12.00
# Visual Studio Version 17
VisualStudioVersion = 17.7.34031.279
MinimumVisualStudioVersion = 10.0.40219.1
Project("{8BC9CEB8-8B4A-11D0-8D11-00A0C91BC942}") = "删除排序数组中的重复项", "删除排序数组中的重复项.vcxproj", "{40C31721-8A31-45F5-9125-4F025D8BF60C}"
EndProject
Global
	GlobalSection(SolutionConfigurationPlatforms) = preSolution
		Debug|x64 = Debug|x64
		Debug|x86 = Debug|x86
		Release|x64 = Release|x64
		Release|x86 = Release|x86
	EndGlobalSection
	GlobalSection(ProjectConfigurationPlatforms) = postSolution
		{40C31721-8A31-45F5-9125-4F025D8BF60C}.Debug|x64.ActiveCfg = Debug|x64
		{40C31721-8A31-45F5-9125-4F025D8BF60C}.Debug|x64.Build.0 = Debug|x64
		{40C31721-8A31-45F5-9125-4F025D8BF60C}.Debug|x86.ActiveCfg = Debug|Win32
		{40C31721-8A31-45F5-9125-4F025D8BF60C}.Debug|x86.Build.0 = Debug|Win32
		{40C31721-8A31-45F5-9125-4F025D8BF60C}.Release|x64.ActiveCfg = Release|x64
		{40C31721-8A31-45F5-9125-4F025D8BF60C}.Release|x64.Build.0 = Release|x64
		{40C31721-8A31-45F5-9125-4F025D8BF60C}.Release|x86.ActiveCfg = Release|Win32
		{40C31721-8A31-45F5-9125-4F025D8BF60C}.Release|x86.Build.0 = Release|Win32
	EndGlobalSection
	GlobalSection(SolutionProperties) = preSolution
		HideSolutionNode = FALSE
	EndGlobalSection
	GlobalSection(ExtensibilityGlobals) = postSolution
		SolutionGuid = {97F9DDCF-15FF-4C8E-8651-430273CD1657}
	EndGlobalSection
EndGlobal
