
Microsoft Visual Studio Solution File, Format Version 12.00
# Visual Studio Version 17
VisualStudioVersion = 17.7.34031.279
MinimumVisualStudioVersion = 10.0.40219.1
Project("{8BC9CEB8-8B4A-11D0-8D11-00A0C91BC942}") = "将x减到0的最小操作数", "将x减到0的最小操作数.vcxproj", "{7FF716AB-A7A5-40B4-9359-D1DCD63C0E40}"
EndProject
Global
	GlobalSection(SolutionConfigurationPlatforms) = preSolution
		Debug|x64 = Debug|x64
		Debug|x86 = Debug|x86
		Release|x64 = Release|x64
		Release|x86 = Release|x86
	EndGlobalSection
	GlobalSection(ProjectConfigurationPlatforms) = postSolution
		{7FF716AB-A7A5-40B4-9359-D1DCD63C0E40}.Debug|x64.ActiveCfg = Debug|x64
		{7FF716AB-A7A5-40B4-9359-D1DCD63C0E40}.Debug|x64.Build.0 = Debug|x64
		{7FF716AB-A7A5-40B4-9359-D1DCD63C0E40}.Debug|x86.ActiveCfg = Debug|Win32
		{7FF716AB-A7A5-40B4-9359-D1DCD63C0E40}.Debug|x86.Build.0 = Debug|Win32
		{7FF716AB-A7A5-40B4-9359-D1DCD63C0E40}.Release|x64.ActiveCfg = Release|x64
		{7FF716AB-A7A5-40B4-9359-D1DCD63C0E40}.Release|x64.Build.0 = Release|x64
		{7FF716AB-A7A5-40B4-9359-D1DCD63C0E40}.Release|x86.ActiveCfg = Release|Win32
		{7FF716AB-A7A5-40B4-9359-D1DCD63C0E40}.Release|x86.Build.0 = Release|Win32
	EndGlobalSection
	GlobalSection(SolutionProperties) = preSolution
		HideSolutionNode = FALSE
	EndGlobalSection
	GlobalSection(ExtensibilityGlobals) = postSolution
		SolutionGuid = {50EBD4AF-9188-43AD-92A5-A5899C5A8135}
	EndGlobalSection
EndGlobal
